
Microsoft Visual Studio Solution File, Format Version 12.00
# Visual Studio Version 16
VisualStudioVersion = 16.0.31613.86
MinimumVisualStudioVersion = 10.0.40219.1
Project("{FAE04EC0-301F-11D3-BF4B-00C04F79EFBC}") = "Ledger.Cli", "Ledger.Cli\Ledger.Cli.csproj", "{48DAC5B4-DC39-402B-825A-254BB7865427}"
EndProject
Project("{FAE04EC0-301F-11D3-BF4B-00C04F79EFBC}") = "Ledger.Engine", "Ledger.Engine\Ledger.Engine.csproj", "{5D481118-193B-4C3A-AE34-84C3F971160B}"
EndProject
Global
	GlobalSection(SolutionConfigurationPlatforms) = preSolution
		Debug|Any CPU = Debug|Any CPU
		Release|Any CPU = Release|Any CPU
	EndGlobalSection
	GlobalSection(ProjectConfigurationPlatforms) = postSolution
		{48DAC5B4-DC39-402B-825A-254BB7865427}.Debug|Any CPU.ActiveCfg = Debug|Any CPU
		{48DAC5B4-DC39-402B-825A-254BB7865427}.Debug|Any CPU.Build.0 = Debug|Any CPU
		{48DAC5B4-DC39-402B-825A-254BB7865427}.Release|Any CPU.ActiveCfg = Release|Any CPU
		{48DAC5B4-DC39-402B-825A-254BB7865427}.Release|Any CPU.Build.0 = Release|Any CPU
		{5D481118-193B-4C3A-AE34-84C3F971160B}.Debug|Any CPU.ActiveCfg = Debug|Any CPU
		{5D481118-193B-4C3A-AE34-84C3F971160B}.Debug|Any CPU.Build.0 = Debug|Any CPU
		{5D481118-193B-4C3A-AE34-84C3F971160B}.Release|Any CPU.ActiveCfg = Release|Any CPU
		{5D481118-193B-4C3A-AE34-84C3F971160B}.Release|Any CPU.Build.0 = Release|Any CPU
	EndGlobalSection
	GlobalSection(SolutionProperties) = preSolution
		HideSolutionNode = FALSE
	EndGlobalSection
	GlobalSection(ExtensibilityGlobals) = postSolution
		SolutionGuid = {D58D8714-2A0C-48DE-94B3-3C21F7DA6858}
	EndGlobalSection
EndGlobal
